// !$*UTF8*$!
{
	archiveVersion = 1;
	classes = {
	};
	objectVersion = 50;
	objects = {

/* Begin PBXBuildFile section */
		27E5B6302568179500042F5D /* LetsStartApp.swift in Sources */ = {isa = PBXBuildFile; fileRef = 27E5B62F2568179500042F5D /* LetsStartApp.swift */; };
		27E5B6322568179500042F5D /* ContentView.swift in Sources */ = {isa = PBXBuildFile; fileRef = 27E5B6312568179500042F5D /* ContentView.swift */; };
		27E5B6342568179800042F5D /* Assets.xcassets in Resources */ = {isa = PBXBuildFile; fileRef = 27E5B6332568179800042F5D /* Assets.xcassets */; };
		27E5B6372568179800042F5D /* Preview Assets.xcassets in Resources */ = {isa = PBXBuildFile; fileRef = 27E5B6362568179800042F5D /* Preview Assets.xcassets */; };
		27E5B6422568179800042F5D /* LetsStartTests.swift in Sources */ = {isa = PBXBuildFile; fileRef = 27E5B6412568179800042F5D /* LetsStartTests.swift */; };
		27E5B64D2568179800042F5D /* LetsStartUITests.swift in Sources */ = {isa = PBXBuildFile; fileRef = 27E5B64C2568179800042F5D /* LetsStartUITests.swift */; };
/* End PBXBuildFile section */

/* Begin PBXContainerItemProxy section */
		27E5B63E2568179800042F5D /* PBXContainerItemProxy */ = {
			isa = PBXContainerItemProxy;
			containerPortal = 27E5B6242568179500042F5D /* Project object */;
			proxyType = 1;
			remoteGlobalIDString = 27E5B62B2568179500042F5D;
			remoteInfo = LetsStart;
		};
		27E5B6492568179800042F5D /* PBXContainerItemProxy */ = {
			isa = PBXContainerItemProxy;
			containerPortal = 27E5B6242568179500042F5D /* Project object */;
			proxyType = 1;
			remoteGlobalIDString = 27E5B62B2568179500042F5D;
			remoteInfo = LetsStart;
		};
/* End PBXContainerItemProxy section */

/* Begin PBXFileReference section */
		27E5B62C2568179500042F5D /* LetsStart.app */ = {isa = PBXFileReference; explicitFileType = wrapper.application; includeInIndex = 0; path = LetsStart.app; sourceTree = BUILT_PRODUCTS_DIR; };
		27E5B62F2568179500042F5D /* LetsStartApp.swift */ = {isa = PBXFileReference; lastKnownFileType = sourcecode.swift; path = LetsStartApp.swift; sourceTree = "<group>"; };
		27E5B6312568179500042F5D /* ContentView.swift */ = {isa = PBXFileReference; lastKnownFileType = sourcecode.swift; path = ContentView.swift; sourceTree = "<group>"; };
		27E5B6332568179800042F5D /* Assets.xcassets */ = {isa = PBXFileReference; lastKnownFileType = folder.assetcatalog; path = Assets.xcassets; sourceTree = "<group>"; };
		27E5B6362568179800042F5D /* Preview Assets.xcassets */ = {isa = PBXFileReference; lastKnownFileType = folder.assetcatalog; path = "Preview Assets.xcassets"; sourceTree = "<group>"; };
		27E5B6382568179800042F5D /* Info.plist */ = {isa = PBXFileReference; lastKnownFileType = text.plist.xml; path = Info.plist; sourceTree = "<group>"; };
		27E5B63D2568179800042F5D /* LetsStartTests.xctest */ = {isa = PBXFileReference; explicitFileType = wrapper.cfbundle; includeInIndex = 0; path = LetsStartTests.xctest; sourceTree = BUILT_PRODUCTS_DIR; };
		27E5B6412568179800042F5D /* LetsStartTests.swift */ = {isa = PBXFileReference; lastKnownFileType = sourcecode.swift; path = LetsStartTests.swift; sourceTree = "<group>"; };
		27E5B6432568179800042F5D /* Info.plist */ = {isa = PBXFileReference; lastKnownFileType = text.plist.xml; path = Info.plist; sourceTree = "<group>"; };
		27E5B6482568179800042F5D /* LetsStartUITests.xctest */ = {isa = PBXFileReference; explicitFileType = wrapper.cfbundle; includeInIndex = 0; path = LetsStartUITests.xctest; sourceTree = BUILT_PRODUCTS_DIR; };
		27E5B64C2568179800042F5D /* LetsStartUITests.swift */ = {isa = PBXFileReference; lastKnownFileType = sourcecode.swift; path = LetsStartUITests.swift; sourceTree = "<group>"; };
		27E5B64E2568179800042F5D /* Info.plist */ = {isa = PBXFileReference; lastKnownFileType = text.plist.xml; path = Info.plist; sourceTree = "<group>"; };
/* End PBXFileReference section */

/* Begin PBXFrameworksBuildPhase section */
		27E5B6292568179500042F5D /* Frameworks */ = {
			isa = PBXFrameworksBuildPhase;
			buildActionMask = 2147483647;
			files = (
			);
			runOnlyForDeploymentPostprocessing = 0;
		};
		27E5B63A2568179800042F5D /* Frameworks */ = {
			isa = PBXFrameworksBuildPhase;
			buildActionMask = 2147483647;
			files = (
			);
			runOnlyForDeploymentPostprocessing = 0;
		};
		27E5B6452568179800042F5D /* Frameworks */ = {
			isa = PBXFrameworksBuildPhase;
			buildActionMask = 2147483647;
			files = (
			);
			runOnlyForDeploymentPostprocessing = 0;
		};
/* End PBXFrameworksBuildPhase section */

/* Begin PBXGroup section */
		27E5B6232568179500042F5D = {
			isa = PBXGroup;
			children = (
				27E5B62E2568179500042F5D /* LetsStart */,
				27E5B6402568179800042F5D /* LetsStartTests */,
				27E5B64B2568179800042F5D /* LetsStartUITests */,
				27E5B62D2568179500042F5D /* Products */,
			);
			sourceTree = "<group>";
		};
		27E5B62D2568179500042F5D /* Products */ = {
			isa = PBXGroup;
			children = (
				27E5B62C2568179500042F5D /* LetsStart.app */,
				27E5B63D2568179800042F5D /* LetsStartTests.xctest */,
				27E5B6482568179800042F5D /* LetsStartUITests.xctest */,
			);
			name = Products;
			sourceTree = "<group>";
		};
		27E5B62E2568179500042F5D /* LetsStart */ = {
			isa = PBXGroup;
			children = (
				27E5B62F2568179500042F5D /* LetsStartApp.swift */,
				27E5B6312568179500042F5D /* ContentView.swift */,
				27E5B6332568179800042F5D /* Assets.xcassets */,
				27E5B6382568179800042F5D /* Info.plist */,
				27E5B6352568179800042F5D /* Preview Content */,
			);
			path = LetsStart;
			sourceTree = "<group>";
		};
		27E5B6352568179800042F5D /* Preview Content */ = {
			isa = PBXGroup;
			children = (
				27E5B6362568179800042F5D /* Preview Assets.xcassets */,
			);
			path = "Preview Content";
			sourceTree = "<group>";
		};
		27E5B6402568179800042F5D /* LetsStartTests */ = {
			isa = PBXGroup;
			children = (
				27E5B6412568179800042F5D /* LetsStartTests.swift */,
				27E5B6432568179800042F5D /* Info.plist */,
			);
			path = LetsStartTests;
			sourceTree = "<group>";
		};
		27E5B64B2568179800042F5D /* LetsStartUITests */ = {
			isa = PBXGroup;
			children = (
				27E5B64C2568179800042F5D /* LetsStartUITests.swift */,
				27E5B64E2568179800042F5D /* Info.plist */,
			);
			path = LetsStartUITests;
			sourceTree = "<group>";
		};
/* End PBXGroup section */

/* Begin PBXNativeTarget section */
		27E5B62B2568179500042F5D /* LetsStart */ = {
			isa = PBXNativeTarget;
			buildConfigurationList = 27E5B6512568179800042F5D /* Build configuration list for PBXNativeTarget "LetsStart" */;
			buildPhases = (
				27E5B6282568179500042F5D /* Sources */,
				27E5B6292568179500042F5D /* Frameworks */,
				27E5B62A2568179500042F5D /* Resources */,
			);
			buildRules = (
			);
			dependencies = (
			);
			name = LetsStart;
			productName = LetsStart;
			productReference = 27E5B62C2568179500042F5D /* LetsStart.app */;
			productType = "com.apple.product-type.application";
		};
		27E5B63C2568179800042F5D /* LetsStartTests */ = {
			isa = PBXNativeTarget;
			buildConfigurationList = 27E5B6542568179800042F5D /* Build configuration list for PBXNativeTarget "LetsStartTests" */;
			buildPhases = (
				27E5B6392568179800042F5D /* Sources */,
				27E5B63A2568179800042F5D /* Frameworks */,
				27E5B63B2568179800042F5D /* Resources */,
			);
			buildRules = (
			);
			dependencies = (
				27E5B63F2568179800042F5D /* PBXTargetDependency */,
			);
			name = LetsStartTests;
			productName = LetsStartTests;
			productReference = 27E5B63D2568179800042F5D /* LetsStartTests.xctest */;
			productType = "com.apple.product-type.bundle.unit-test";
		};
		27E5B6472568179800042F5D /* LetsStartUITests */ = {
			isa = PBXNativeTarget;
			buildConfigurationList = 27E5B6572568179800042F5D /* Build configuration list for PBXNativeTarget "LetsStartUITests" */;
			buildPhases = (
				27E5B6442568179800042F5D /* Sources */,
				27E5B6452568179800042F5D /* Frameworks */,
				27E5B6462568179800042F5D /* Resources */,
			);
			buildRules = (
			);
			dependencies = (
				27E5B64A2568179800042F5D /* PBXTargetDependency */,
			);
			name = LetsStartUITests;
			productName = LetsStartUITests;
			productReference = 27E5B6482568179800042F5D /* LetsStartUITests.xctest */;
			productType = "com.apple.product-type.bundle.ui-testing";
		};
/* End PBXNativeTarget section */

/* Begin PBXProject section */
		27E5B6242568179500042F5D /* Project object */ = {
			isa = PBXProject;
			attributes = {
				LastSwiftUpdateCheck = 1220;
				LastUpgradeCheck = 1220;
				TargetAttributes = {
					27E5B62B2568179500042F5D = {
						CreatedOnToolsVersion = 12.2;
					};
					27E5B63C2568179800042F5D = {
						CreatedOnToolsVersion = 12.2;
						TestTargetID = 27E5B62B2568179500042F5D;
					};
					27E5B6472568179800042F5D = {
						CreatedOnToolsVersion = 12.2;
						TestTargetID = 27E5B62B2568179500042F5D;
					};
				};
			};
			buildConfigurationList = 27E5B6272568179500042F5D /* Build configuration list for PBXProject "LetsStart" */;
			compatibilityVersion = "Xcode 9.3";
			developmentRegion = en;
			hasScannedForEncodings = 0;
			knownRegions = (
				en,
				Base,
			);
			mainGroup = 27E5B6232568179500042F5D;
			productRefGroup = 27E5B62D2568179500042F5D /* Products */;
			projectDirPath = "";
			projectRoot = "";
			targets = (
				27E5B62B2568179500042F5D /* LetsStart */,
				27E5B63C2568179800042F5D /* LetsStartTests */,
				27E5B6472568179800042F5D /* LetsStartUITests */,
			);
		};
/* End PBXProject section */

/* Begin PBXResourcesBuildPhase section */
		27E5B62A2568179500042F5D /* Resources */ = {
			isa = PBXResourcesBuildPhase;
			buildActionMask = 2147483647;
			files = (
				27E5B6372568179800042F5D /* Preview Assets.xcassets in Resources */,
				27E5B6342568179800042F5D /* Assets.xcassets in Resources */,
			);
			runOnlyForDeploymentPostprocessing = 0;
		};
		27E5B63B2568179800042F5D /* Resources */ = {
			isa = PBXResourcesBuildPhase;
			buildActionMask = 2147483647;
			files = (
			);
			runOnlyForDeploymentPostprocessing = 0;
		};
		27E5B6462568179800042F5D /* Resources */ = {
			isa = PBXResourcesBuildPhase;
			buildActionMask = 2147483647;
			files = (
			);
			runOnlyForDeploymentPostprocessing = 0;
		};
/* End PBXResourcesBuildPhase section */

/* Begin PBXSourcesBuildPhase section */
		27E5B6282568179500042F5D /* Sources */ = {
			isa = PBXSourcesBuildPhase;
			buildActionMask = 2147483647;
			files = (
				27E5B6322568179500042F5D /* ContentView.swift in Sources */,
				27E5B6302568179500042F5D /* LetsStartApp.swift in Sources */,
			);
			runOnlyForDeploymentPostprocessing = 0;
		};
		27E5B6392568179800042F5D /* Sources */ = {
			isa = PBXSourcesBuildPhase;
			buildActionMask = 2147483647;
			files = (
				27E5B6422568179800042F5D /* LetsStartTests.swift in Sources */,
			);
			runOnlyForDeploymentPostprocessing = 0;
		};
		27E5B6442568179800042F5D /* Sources */ = {
			isa = PBXSourcesBuildPhase;
			buildActionMask = 2147483647;
			files = (
				27E5B64D2568179800042F5D /* LetsStartUITests.swift in Sources */,
			);
			runOnlyForDeploymentPostprocessing = 0;
		};
/* End PBXSourcesBuildPhase section */

/* Begin PBXTargetDependency section */
		27E5B63F2568179800042F5D /* PBXTargetDependency */ = {
			isa = PBXTargetDependency;
			target = 27E5B62B2568179500042F5D /* LetsStart */;
			targetProxy = 27E5B63E2568179800042F5D /* PBXContainerItemProxy */;
		};
		27E5B64A2568179800042F5D /* PBXTargetDependency */ = {
			isa = PBXTargetDependency;
			target = 27E5B62B2568179500042F5D /* LetsStart */;
			targetProxy = 27E5B6492568179800042F5D /* PBXContainerItemProxy */;
		};
/* End PBXTargetDependency section */

/* Begin XCBuildConfiguration section */
		27E5B64F2568179800042F5D /* Debug */ = {
			isa = XCBuildConfiguration;
			buildSettings = {
				ALWAYS_SEARCH_USER_PATHS = NO;
				CLANG_ANALYZER_NONNULL = YES;
				CLANG_ANALYZER_NUMBER_OBJECT_CONVERSION = YES_AGGRESSIVE;
				CLANG_CXX_LANGUAGE_STANDARD = "gnu++14";
				CLANG_CXX_LIBRARY = "libc++";
				CLANG_ENABLE_MODULES = YES;
				CLANG_ENABLE_OBJC_ARC = YES;
				CLANG_ENABLE_OBJC_WEAK = YES;
				CLANG_WARN_BLOCK_CAPTURE_AUTORELEASING = YES;
				CLANG_WARN_BOOL_CONVERSION = YES;
				CLANG_WARN_COMMA = YES;
				CLANG_WARN_CONSTANT_CONVERSION = YES;
				CLANG_WARN_DEPRECATED_OBJC_IMPLEMENTATIONS = YES;
				CLANG_WARN_DIRECT_OBJC_ISA_USAGE = YES_ERROR;
				CLANG_WARN_DOCUMENTATION_COMMENTS = YES;
				CLANG_WARN_EMPTY_BODY = YES;
				CLANG_WARN_ENUM_CONVERSION = YES;
				CLANG_WARN_INFINITE_RECURSION = YES;
				CLANG_WARN_INT_CONVERSION = YES;
				CLANG_WARN_NON_LITERAL_NULL_CONVERSION = YES;
				CLANG_WARN_OBJC_IMPLICIT_RETAIN_SELF = YES;
				CLANG_WARN_OBJC_LITERAL_CONVERSION = YES;
				CLANG_WARN_OBJC_ROOT_CLASS = YES_ERROR;
				CLANG_WARN_QUOTED_INCLUDE_IN_FRAMEWORK_HEADER = YES;
				CLANG_WARN_RANGE_LOOP_ANALYSIS = YES;
				CLANG_WARN_STRICT_PROTOTYPES = YES;
				CLANG_WARN_SUSPICIOUS_MOVE = YES;
				CLANG_WARN_UNGUARDED_AVAILABILITY = YES_AGGRESSIVE;
				CLANG_WARN_UNREACHABLE_CODE = YES;
				CLANG_WARN__DUPLICATE_METHOD_MATCH = YES;
				COPY_PHASE_STRIP = NO;
				DEBUG_INFORMATION_FORMAT = dwarf;
				ENABLE_STRICT_OBJC_MSGSEND = YES;
				ENABLE_TESTABILITY = YES;
				GCC_C_LANGUAGE_STANDARD = gnu11;
				GCC_DYNAMIC_NO_PIC = NO;
				GCC_NO_COMMON_BLOCKS = YES;
				GCC_OPTIMIZATION_LEVEL = 0;
				GCC_PREPROCESSOR_DEFINITIONS = (
					"DEBUG=1",
					"$(inherited)",
				);
				GCC_WARN_64_TO_32_BIT_CONVERSION = YES;
				GCC_WARN_ABOUT_RETURN_TYPE = YES_ERROR;
				GCC_WARN_UNDECLARED_SELECTOR = YES;
				GCC_WARN_UNINITIALIZED_AUTOS = YES_AGGRESSIVE;
				GCC_WARN_UNUSED_FUNCTION = YES;
				GCC_WARN_UNUSED_VARIABLE = YES;
				IPHONEOS_DEPLOYMENT_TARGET = 14.2;
				MTL_ENABLE_DEBUG_INFO = INCLUDE_SOURCE;
				MTL_FAST_MATH = YES;
				ONLY_ACTIVE_ARCH = YES;
				SDKROOT = iphoneos;
				SWIFT_ACTIVE_COMPILATION_CONDITIONS = DEBUG;
				SWIFT_OPTIMIZATION_LEVEL = "-Onone";
			};
			name = Debug;
		};
		27E5B6502568179800042F5D /* Release */ = {
			isa = XCBuildConfiguration;
			buildSettings = {
				ALWAYS_SEARCH_USER_PATHS = NO;
				CLANG_ANALYZER_NONNULL = YES;
				CLANG_ANALYZER_NUMBER_OBJECT_CONVERSION = YES_AGGRESSIVE;
				CLANG_CXX_LANGUAGE_STANDARD = "gnu++14";
				CLANG_CXX_LIBRARY = "libc++";
				CLANG_ENABLE_MODULES = YES;
				CLANG_ENABLE_OBJC_ARC = YES;
				CLANG_ENABLE_OBJC_WEAK = YES;
				CLANG_WARN_BLOCK_CAPTURE_AUTORELEASING = YES;
				CLANG_WARN_BOOL_CONVERSION = YES;
				CLANG_WARN_COMMA = YES;
				CLANG_WARN_CONSTANT_CONVERSION = YES;
				CLANG_WARN_DEPRECATED_OBJC_IMPLEMENTATIONS = YES;
				CLANG_WARN_DIRECT_OBJC_ISA_USAGE = YES_ERROR;
				CLANG_WARN_DOCUMENTATION_COMMENTS = YES;
				CLANG_WARN_EMPTY_BODY = YES;
				CLANG_WARN_ENUM_CONVERSION = YES;
				CLANG_WARN_INFINITE_RECURSION = YES;
				CLANG_WARN_INT_CONVERSION = YES;
				CLANG_WARN_NON_LITERAL_NULL_CONVERSION = YES;
				CLANG_WARN_OBJC_IMPLICIT_RETAIN_SELF = YES;
				CLANG_WARN_OBJC_LITERAL_CONVERSION = YES;
				CLANG_WARN_OBJC_ROOT_CLASS = YES_ERROR;
				CLANG_WARN_QUOTED_INCLUDE_IN_FRAMEWORK_HEADER = YES;
				CLANG_WARN_RANGE_LOOP_ANALYSIS = YES;
				CLANG_WARN_STRICT_PROTOTYPES = YES;
				CLANG_WARN_SUSPICIOUS_MOVE = YES;
				CLANG_WARN_UNGUARDED_AVAILABILITY = YES_AGGRESSIVE;
				CLANG_WARN_UNREACHABLE_CODE = YES;
				CLANG_WARN__DUPLICATE_METHOD_MATCH = YES;
				COPY_PHASE_STRIP = NO;
				DEBUG_INFORMATION_FORMAT = "dwarf-with-dsym";
				ENABLE_NS_ASSERTIONS = NO;
				ENABLE_STRICT_OBJC_MSGSEND = YES;
				GCC_C_LANGUAGE_STANDARD = gnu11;
				GCC_NO_COMMON_BLOCKS = YES;
				GCC_WARN_64_TO_32_BIT_CONVERSION = YES;
				GCC_WARN_ABOUT_RETURN_TYPE = YES_ERROR;
				GCC_WARN_UNDECLARED_SELECTOR = YES;
				GCC_WARN_UNINITIALIZED_AUTOS = YES_AGGRESSIVE;
				GCC_WARN_UNUSED_FUNCTION = YES;
				GCC_WARN_UNUSED_VARIABLE = YES;
				IPHONEOS_DEPLOYMENT_TARGET = 14.2;
				MTL_ENABLE_DEBUG_INFO = NO;
				MTL_FAST_MATH = YES;
				SDKROOT = iphoneos;
				SWIFT_COMPILATION_MODE = wholemodule;
				SWIFT_OPTIMIZATION_LEVEL = "-O";
				VALIDATE_PRODUCT = YES;
			};
			name = Release;
		};
		27E5B6522568179800042F5D /* Debug */ = {
			isa = XCBuildConfiguration;
			buildSettings = {
				ASSETCATALOG_COMPILER_APPICON_NAME = AppIcon;
				ASSETCATALOG_COMPILER_GLOBAL_ACCENT_COLOR_NAME = AccentColor;
				CODE_SIGN_STYLE = Automatic;
				DEVELOPMENT_ASSET_PATHS = "\"LetsStart/Preview Content\"";
				DEVELOPMENT_TEAM = R7FU657PWZ;
				ENABLE_PREVIEWS = YES;
				INFOPLIST_FILE = LetsStart/Info.plist;
				IPHONEOS_DEPLOYMENT_TARGET = 14.0;
				LD_RUNPATH_SEARCH_PATHS = (
					"$(inherited)",
					"@executable_path/Frameworks",
				);
				PRODUCT_BUNDLE_IDENTIFIER = test.plusblab.LetsStart;
				PRODUCT_NAME = "$(TARGET_NAME)";
				SWIFT_VERSION = 5.0;
				TARGETED_DEVICE_FAMILY = "1,2";
			};
			name = Debug;
		};
		27E5B6532568179800042F5D /* Release */ = {
			isa = XCBuildConfiguration;
			buildSettings = {
				ASSETCATALOG_COMPILER_APPICON_NAME = AppIcon;
				ASSETCATALOG_COMPILER_GLOBAL_ACCENT_COLOR_NAME = AccentColor;
				CODE_SIGN_STYLE = Automatic;
				DEVELOPMENT_ASSET_PATHS = "\"LetsStart/Preview Content\"";
				DEVELOPMENT_TEAM = R7FU657PWZ;
				ENABLE_PREVIEWS = YES;
				INFOPLIST_FILE = LetsStart/Info.plist;
				IPHONEOS_DEPLOYMENT_TARGET = 14.0;
				LD_RUNPATH_SEARCH_PATHS = (
					"$(inherited)",
					"@executable_path/Frameworks",
				);
				PRODUCT_BUNDLE_IDENTIFIER = test.plusblab.LetsStart;
				PRODUCT_NAME = "$(TARGET_NAME)";
				SWIFT_VERSION = 5.0;
				TARGETED_DEVICE_FAMILY = "1,2";
			};
			name = Release;
		};
		27E5B6552568179800042F5D /* Debug */ = {
			isa = XCBuildConfiguration;
			buildSettings = {
				ALWAYS_EMBED_SWIFT_STANDARD_LIBRARIES = YES;
				BUNDLE_LOADER = "$(TEST_HOST)";
				CODE_SIGN_STYLE = Automatic;
				DEVELOPMENT_TEAM = R7FU657PWZ;
				INFOPLIST_FILE = LetsStartTests/Info.plist;
				IPHONEOS_DEPLOYMENT_TARGET = 14.0;
				LD_RUNPATH_SEARCH_PATHS = (
					"$(inherited)",
					"@executable_path/Frameworks",
					"@loader_path/Frameworks",
				);
				PRODUCT_BUNDLE_IDENTIFIER = test.plusblab.LetsStartTests;
				PRODUCT_NAME = "$(TARGET_NAME)";
				SWIFT_VERSION = 5.0;
				TARGETED_DEVICE_FAMILY = "1,2";
				TEST_HOST = "$(BUILT_PRODUCTS_DIR)/LetsStart.app/LetsStart";
			};
			name = Debug;
		};
		27E5B6562568179800042F5D /* Release */ = {
			isa = XCBuildConfiguration;
			buildSettings = {
				ALWAYS_EMBED_SWIFT_STANDARD_LIBRARIES = YES;
				BUNDLE_LOADER = "$(TEST_HOST)";
				CODE_SIGN_STYLE = Automatic;
				DEVELOPMENT_TEAM = R7FU657PWZ;
				INFOPLIST_FILE = LetsStartTests/Info.plist;
				IPHONEOS_DEPLOYMENT_TARGET = 14.0;
				LD_RUNPATH_SEARCH_PATHS = (
					"$(inherited)",
					"@executable_path/Frameworks",
					"@loader_path/Frameworks",
				);
				PRODUCT_BUNDLE_IDENTIFIER = test.plusblab.LetsStartTests;
				PRODUCT_NAME = "$(TARGET_NAME)";
				SWIFT_VERSION = 5.0;
				TARGETED_DEVICE_FAMILY = "1,2";
				TEST_HOST = "$(BUILT_PRODUCTS_DIR)/LetsStart.app/LetsStart";
			};
			name = Release;
		};
		27E5B6582568179800042F5D /* Debug */ = {
			isa = XCBuildConfiguration;
			buildSettings = {
				ALWAYS_EMBED_SWIFT_STANDARD_LIBRARIES = YES;
				CODE_SIGN_STYLE = Automatic;
				DEVELOPMENT_TEAM = R7FU657PWZ;
				INFOPLIST_FILE = LetsStartUITests/Info.plist;
				LD_RUNPATH_SEARCH_PATHS = (
					"$(inherited)",
					"@executable_path/Frameworks",
					"@loader_path/Frameworks",
				);
				PRODUCT_BUNDLE_IDENTIFIER = test.plusblab.LetsStartUITests;
				PRODUCT_NAME = "$(TARGET_NAME)";
				SWIFT_VERSION = 5.0;
				TARGETED_DEVICE_FAMILY = "1,2";
				TEST_TARGET_NAME = LetsStart;
			};
			name = Debug;
		};
		27E5B6592568179800042F5D /* Release */ = {
			isa = XCBuildConfiguration;
			buildSettings = {
				ALWAYS_EMBED_SWIFT_STANDARD_LIBRARIES = YES;
				CODE_SIGN_STYLE = Automatic;
				DEVELOPMENT_TEAM = R7FU657PWZ;
				INFOPLIST_FILE = LetsStartUITests/Info.plist;
				LD_RUNPATH_SEARCH_PATHS = (
					"$(inherited)",
					"@executable_path/Frameworks",
					"@loader_path/Frameworks",
				);
				PRODUCT_BUNDLE_IDENTIFIER = test.plusblab.LetsStartUITests;
				PRODUCT_NAME = "$(TARGET_NAME)";
				SWIFT_VERSION = 5.0;
				TARGETED_DEVICE_FAMILY = "1,2";
				TEST_TARGET_NAME = LetsStart;
			};
			name = Release;
		};
/* End XCBuildConfiguration section */

/* Begin XCConfigurationList section */
		27E5B6272568179500042F5D /* Build configuration list for PBXProject "LetsStart" */ = {
			isa = XCConfigurationList;
			buildConfigurations = (
				27E5B64F2568179800042F5D /* Debug */,
				27E5B6502568179800042F5D /* Release */,
			);
			defaultConfigurationIsVisible = 0;
			defaultConfigurationName = Release;
		};
		27E5B6512568179800042F5D /* Build configuration list for PBXNativeTarget "LetsStart" */ = {
			isa = XCConfigurationList;
			buildConfigurations = (
				27E5B6522568179800042F5D /* Debug */,
				27E5B6532568179800042F5D /* Release */,
			);
			defaultConfigurationIsVisible = 0;
			defaultConfigurationName = Release;
		};
		27E5B6542568179800042F5D /* Build configuration list for PBXNativeTarget "LetsStartTests" */ = {
			isa = XCConfigurationList;
			buildConfigurations = (
				27E5B6552568179800042F5D /* Debug */,
				27E5B6562568179800042F5D /* Release */,
			);
			defaultConfigurationIsVisible = 0;
			defaultConfigurationName = Release;
		};
		27E5B6572568179800042F5D /* Build configuration list for PBXNativeTarget "LetsStartUITests" */ = {
			isa = XCConfigurationList;
			buildConfigurations = (
				27E5B6582568179800042F5D /* Debug */,
				27E5B6592568179800042F5D /* Release */,
			);
			defaultConfigurationIsVisible = 0;
			defaultConfigurationName = Release;
		};
/* End XCConfigurationList section */
	};
	rootObject = 27E5B6242568179500042F5D /* Project object */;
}
